
Microsoft Visual Studio Solution File, Format Version 12.00
# Visual Studio Version 16
VisualStudioVersion = 16.0.31829.152
MinimumVisualStudioVersion = 10.0.40219.1
Project("{FAE04EC0-301F-11D3-BF4B-00C04F79EFBC}") = "CopyGroupPlugin_V2", "CopyGroupPlugin_V2\CopyGroupPlugin_V2.csproj", "{984C6503-13C8-42C8-BBCE-110A3DE9F2E9}"
EndProject
Global
	GlobalSection(SolutionConfigurationPlatforms) = preSolution
		Debug|Any CPU = Debug|Any CPU
		Release|Any CPU = Release|Any CPU
	EndGlobalSection
	GlobalSection(ProjectConfigurationPlatforms) = postSolution
		{984C6503-13C8-42C8-BBCE-110A3DE9F2E9}.Debug|Any CPU.ActiveCfg = Debug|Any CPU
		{984C6503-13C8-42C8-BBCE-110A3DE9F2E9}.Debug|Any CPU.Build.0 = Debug|Any CPU
		{984C6503-13C8-42C8-BBCE-110A3DE9F2E9}.Release|Any CPU.ActiveCfg = Release|Any CPU
		{984C6503-13C8-42C8-BBCE-110A3DE9F2E9}.Release|Any CPU.Build.0 = Release|Any CPU
	EndGlobalSection
	GlobalSection(SolutionProperties) = preSolution
		HideSolutionNode = FALSE
	EndGlobalSection
	GlobalSection(ExtensibilityGlobals) = postSolution
		SolutionGuid = {4A165779-D163-4E23-83A4-25181FD324C0}
	EndGlobalSection
EndGlobal
